// !$*UTF8*$!
{
	archiveVersion = 1;
	classes = {
	};
	objectVersion = 56;
	objects = {

/* Begin PBXBuildFile section */
		C70760F52C22B16B006F9930 /* GeneralPurposeCollectionViewCell.swift in Sources */ = {isa = PBXBuildFile; fileRef = C70760F32C22B16B006F9930 /* GeneralPurposeCollectionViewCell.swift */; };
		C70760F62C22B16B006F9930 /* GeneralPurposeCollectionViewCell.xib in Resources */ = {isa = PBXBuildFile; fileRef = C70760F42C22B16B006F9930 /* GeneralPurposeCollectionViewCell.xib */; };
		C70760F82C22B6D1006F9930 /* UIImageView+.swift in Sources */ = {isa = PBXBuildFile; fileRef = C70760F72C22B6D1006F9930 /* UIImageView+.swift */; };
		C73998832C1AFADC00589742 /* StickyHeaderCollectionViewController.swift in Sources */ = {isa = PBXBuildFile; fileRef = C73998822C1AFADC00589742 /* StickyHeaderCollectionViewController.swift */; };
		C73998862C1B003900589742 /* Storyboard+.swift in Sources */ = {isa = PBXBuildFile; fileRef = C73998852C1B003900589742 /* Storyboard+.swift */; };
		C73998882C1B00A300589742 /* StickyHeaderCollectionViewController.storyboard in Resources */ = {isa = PBXBuildFile; fileRef = C73998872C1B00A300589742 /* StickyHeaderCollectionViewController.storyboard */; };
		C739988D2C1FD04600589742 /* SampleModel.swift in Sources */ = {isa = PBXBuildFile; fileRef = C739988C2C1FD04600589742 /* SampleModel.swift */; };
		C739988F2C1FE1BE00589742 /* StickyCollectionHeaderView.swift in Sources */ = {isa = PBXBuildFile; fileRef = C739988E2C1FE1BE00589742 /* StickyCollectionHeaderView.swift */; };
		C73E603E2B9091C000586FC5 /* NormalActivityViewController.swift in Sources */ = {isa = PBXBuildFile; fileRef = C73E603D2B9091C000586FC5 /* NormalActivityViewController.swift */; };
		C73E60402B9091F500586FC5 /* NormalActivityViewController.storyboard in Resources */ = {isa = PBXBuildFile; fileRef = C73E603F2B9091F500586FC5 /* NormalActivityViewController.storyboard */; };
		C73E60432B90939200586FC5 /* FileManipulateViewController.swift in Sources */ = {isa = PBXBuildFile; fileRef = C73E60422B90939200586FC5 /* FileManipulateViewController.swift */; };
		C73E60452B9093AE00586FC5 /* FileManipulateViewController.storyboard in Resources */ = {isa = PBXBuildFile; fileRef = C73E60442B9093AE00586FC5 /* FileManipulateViewController.storyboard */; };
		C766C9B92B8849D70075D0B5 /* AppDelegate.swift in Sources */ = {isa = PBXBuildFile; fileRef = C766C9B82B8849D70075D0B5 /* AppDelegate.swift */; };
		C766C9BB2B8849D70075D0B5 /* SceneDelegate.swift in Sources */ = {isa = PBXBuildFile; fileRef = C766C9BA2B8849D70075D0B5 /* SceneDelegate.swift */; };
		C766C9BD2B8849D70075D0B5 /* ViewController.swift in Sources */ = {isa = PBXBuildFile; fileRef = C766C9BC2B8849D70075D0B5 /* ViewController.swift */; };
		C766C9C32B8849D70075D0B5 /* DevRecipe.xcdatamodeld in Sources */ = {isa = PBXBuildFile; fileRef = C766C9C12B8849D70075D0B5 /* DevRecipe.xcdatamodeld */; };
		C766C9C52B8849D80075D0B5 /* Assets.xcassets in Resources */ = {isa = PBXBuildFile; fileRef = C766C9C42B8849D80075D0B5 /* Assets.xcassets */; };
		C766C9C82B8849D80075D0B5 /* ViewController.storyboard in Resources */ = {isa = PBXBuildFile; fileRef = C766C9C62B8849D80075D0B5 /* ViewController.storyboard */; };
		C766C9D12B884A580075D0B5 /* NormalScrollViewController.storyboard in Resources */ = {isa = PBXBuildFile; fileRef = C766C9D02B884A580075D0B5 /* NormalScrollViewController.storyboard */; };
		C766C9D32B8859210075D0B5 /* NormalScrollViewController.swift in Sources */ = {isa = PBXBuildFile; fileRef = C766C9D22B8859210075D0B5 /* NormalScrollViewController.swift */; };
/* End PBXBuildFile section */

/* Begin PBXFileReference section */
		C70760F32C22B16B006F9930 /* GeneralPurposeCollectionViewCell.swift */ = {isa = PBXFileReference; lastKnownFileType = sourcecode.swift; path = GeneralPurposeCollectionViewCell.swift; sourceTree = "<group>"; };
		C70760F42C22B16B006F9930 /* GeneralPurposeCollectionViewCell.xib */ = {isa = PBXFileReference; lastKnownFileType = file.xib; path = GeneralPurposeCollectionViewCell.xib; sourceTree = "<group>"; };
		C70760F72C22B6D1006F9930 /* UIImageView+.swift */ = {isa = PBXFileReference; lastKnownFileType = sourcecode.swift; path = "UIImageView+.swift"; sourceTree = "<group>"; };
		C73998822C1AFADC00589742 /* StickyHeaderCollectionViewController.swift */ = {isa = PBXFileReference; lastKnownFileType = sourcecode.swift; path = StickyHeaderCollectionViewController.swift; sourceTree = "<group>"; };
		C73998852C1B003900589742 /* Storyboard+.swift */ = {isa = PBXFileReference; lastKnownFileType = sourcecode.swift; path = "Storyboard+.swift"; sourceTree = "<group>"; };
		C73998872C1B00A300589742 /* StickyHeaderCollectionViewController.storyboard */ = {isa = PBXFileReference; lastKnownFileType = file.storyboard; path = StickyHeaderCollectionViewController.storyboard; sourceTree = "<group>"; };
		C739988C2C1FD04600589742 /* SampleModel.swift */ = {isa = PBXFileReference; lastKnownFileType = sourcecode.swift; path = SampleModel.swift; sourceTree = "<group>"; };
		C739988E2C1FE1BE00589742 /* StickyCollectionHeaderView.swift */ = {isa = PBXFileReference; lastKnownFileType = sourcecode.swift; path = StickyCollectionHeaderView.swift; sourceTree = "<group>"; };
		C73E603D2B9091C000586FC5 /* NormalActivityViewController.swift */ = {isa = PBXFileReference; lastKnownFileType = sourcecode.swift; path = NormalActivityViewController.swift; sourceTree = "<group>"; };
		C73E603F2B9091F500586FC5 /* NormalActivityViewController.storyboard */ = {isa = PBXFileReference; lastKnownFileType = file.storyboard; path = NormalActivityViewController.storyboard; sourceTree = "<group>"; };
		C73E60422B90939200586FC5 /* FileManipulateViewController.swift */ = {isa = PBXFileReference; lastKnownFileType = sourcecode.swift; path = FileManipulateViewController.swift; sourceTree = "<group>"; };
		C73E60442B9093AE00586FC5 /* FileManipulateViewController.storyboard */ = {isa = PBXFileReference; lastKnownFileType = file.storyboard; path = FileManipulateViewController.storyboard; sourceTree = "<group>"; };
		C766C9B52B8849D70075D0B5 /* DevRecipe.app */ = {isa = PBXFileReference; explicitFileType = wrapper.application; includeInIndex = 0; path = DevRecipe.app; sourceTree = BUILT_PRODUCTS_DIR; };
		C766C9B82B8849D70075D0B5 /* AppDelegate.swift */ = {isa = PBXFileReference; lastKnownFileType = sourcecode.swift; path = AppDelegate.swift; sourceTree = "<group>"; };
		C766C9BA2B8849D70075D0B5 /* SceneDelegate.swift */ = {isa = PBXFileReference; lastKnownFileType = sourcecode.swift; path = SceneDelegate.swift; sourceTree = "<group>"; };
		C766C9BC2B8849D70075D0B5 /* ViewController.swift */ = {isa = PBXFileReference; lastKnownFileType = sourcecode.swift; path = ViewController.swift; sourceTree = "<group>"; };
		C766C9C22B8849D70075D0B5 /* DevRecipe.xcdatamodel */ = {isa = PBXFileReference; lastKnownFileType = wrapper.xcdatamodel; path = DevRecipe.xcdatamodel; sourceTree = "<group>"; };
		C766C9C42B8849D80075D0B5 /* Assets.xcassets */ = {isa = PBXFileReference; lastKnownFileType = folder.assetcatalog; path = Assets.xcassets; sourceTree = "<group>"; };
		C766C9C72B8849D80075D0B5 /* Base */ = {isa = PBXFileReference; lastKnownFileType = file.storyboard; name = Base; path = Base.lproj/ViewController.storyboard; sourceTree = "<group>"; };
		C766C9C92B8849D80075D0B5 /* Info.plist */ = {isa = PBXFileReference; lastKnownFileType = text.plist.xml; path = Info.plist; sourceTree = "<group>"; };
		C766C9D02B884A580075D0B5 /* NormalScrollViewController.storyboard */ = {isa = PBXFileReference; lastKnownFileType = file.storyboard; path = NormalScrollViewController.storyboard; sourceTree = "<group>"; };
		C766C9D22B8859210075D0B5 /* NormalScrollViewController.swift */ = {isa = PBXFileReference; lastKnownFileType = sourcecode.swift; path = NormalScrollViewController.swift; sourceTree = "<group>"; };
/* End PBXFileReference section */

/* Begin PBXFrameworksBuildPhase section */
		C766C9B22B8849D70075D0B5 /* Frameworks */ = {
			isa = PBXFrameworksBuildPhase;
			buildActionMask = 2147483647;
			files = (
			);
			runOnlyForDeploymentPostprocessing = 0;
		};
/* End PBXFrameworksBuildPhase section */

/* Begin PBXGroup section */
		C70760F02C22B11C006F9930 /* Cell */ = {
			isa = PBXGroup;
			children = (
				C70760F32C22B16B006F9930 /* GeneralPurposeCollectionViewCell.swift */,
				C70760F42C22B16B006F9930 /* GeneralPurposeCollectionViewCell.xib */,
			);
			path = Cell;
			sourceTree = "<group>";
		};
		C73998802C1AFA8C00589742 /* CollectionView */ = {
			isa = PBXGroup;
			children = (
				C70760F02C22B11C006F9930 /* Cell */,
				C73998812C1AFAAD00589742 /* StickyHeader */,
			);
			path = CollectionView;
			sourceTree = "<group>";
		};
		C73998812C1AFAAD00589742 /* StickyHeader */ = {
			isa = PBXGroup;
			children = (
				C73998822C1AFADC00589742 /* StickyHeaderCollectionViewController.swift */,
				C73998872C1B00A300589742 /* StickyHeaderCollectionViewController.storyboard */,
				C739988E2C1FE1BE00589742 /* StickyCollectionHeaderView.swift */,
			);
			path = StickyHeader;
			sourceTree = "<group>";
		};
		C73998842C1B000300589742 /* Extensions */ = {
			isa = PBXGroup;
			children = (
				C73998852C1B003900589742 /* Storyboard+.swift */,
				C70760F72C22B6D1006F9930 /* UIImageView+.swift */,
			);
			path = Extensions;
			sourceTree = "<group>";
		};
		C739988A2C1FCFED00589742 /* Model */ = {
			isa = PBXGroup;
			children = (
				C739988C2C1FD04600589742 /* SampleModel.swift */,
			);
			path = Model;
			sourceTree = "<group>";
		};
		C73E603C2B90917000586FC5 /* NormalActivity */ = {
			isa = PBXGroup;
			children = (
				C73E603D2B9091C000586FC5 /* NormalActivityViewController.swift */,
				C73E603F2B9091F500586FC5 /* NormalActivityViewController.storyboard */,
			);
			path = NormalActivity;
			sourceTree = "<group>";
		};
		C73E60412B90936B00586FC5 /* FileManipulate */ = {
			isa = PBXGroup;
			children = (
				C73E60422B90939200586FC5 /* FileManipulateViewController.swift */,
				C73E60442B9093AE00586FC5 /* FileManipulateViewController.storyboard */,
			);
			path = FileManipulate;
			sourceTree = "<group>";
		};
		C766C9AC2B8849D70075D0B5 = {
			isa = PBXGroup;
			children = (
				C766C9B72B8849D70075D0B5 /* DevRecipe */,
				C766C9B62B8849D70075D0B5 /* Products */,
			);
			sourceTree = "<group>";
		};
		C766C9B62B8849D70075D0B5 /* Products */ = {
			isa = PBXGroup;
			children = (
				C766C9B52B8849D70075D0B5 /* DevRecipe.app */,
			);
			name = Products;
			sourceTree = "<group>";
		};
		C766C9B72B8849D70075D0B5 /* DevRecipe */ = {
			isa = PBXGroup;
			children = (
				C739988A2C1FCFED00589742 /* Model */,
				C766C9B82B8849D70075D0B5 /* AppDelegate.swift */,
				C766C9BA2B8849D70075D0B5 /* SceneDelegate.swift */,
				C766C9BC2B8849D70075D0B5 /* ViewController.swift */,
				C766C9C62B8849D80075D0B5 /* ViewController.storyboard */,
				C73998802C1AFA8C00589742 /* CollectionView */,
				C766C9CF2B8849F30075D0B5 /* NormalScroll */,
				C73E603C2B90917000586FC5 /* NormalActivity */,
				C73E60412B90936B00586FC5 /* FileManipulate */,
				C73998842C1B000300589742 /* Extensions */,
				C766C9C42B8849D80075D0B5 /* Assets.xcassets */,
				C766C9C92B8849D80075D0B5 /* Info.plist */,
				C766C9C12B8849D70075D0B5 /* DevRecipe.xcdatamodeld */,
			);
			path = DevRecipe;
			sourceTree = "<group>";
		};
		C766C9CF2B8849F30075D0B5 /* NormalScroll */ = {
			isa = PBXGroup;
			children = (
				C766C9D02B884A580075D0B5 /* NormalScrollViewController.storyboard */,
				C766C9D22B8859210075D0B5 /* NormalScrollViewController.swift */,
			);
			path = NormalScroll;
			sourceTree = "<group>";
		};
/* End PBXGroup section */

/* Begin PBXNativeTarget section */
		C766C9B42B8849D70075D0B5 /* DevRecipe */ = {
			isa = PBXNativeTarget;
			buildConfigurationList = C766C9CC2B8849D80075D0B5 /* Build configuration list for PBXNativeTarget "DevRecipe" */;
			buildPhases = (
				C766C9B12B8849D70075D0B5 /* Sources */,
				C766C9B22B8849D70075D0B5 /* Frameworks */,
				C766C9B32B8849D70075D0B5 /* Resources */,
			);
			buildRules = (
			);
			dependencies = (
			);
			name = DevRecipe;
			productName = DevRecipe;
			productReference = C766C9B52B8849D70075D0B5 /* DevRecipe.app */;
			productType = "com.apple.product-type.application";
		};
/* End PBXNativeTarget section */

/* Begin PBXProject section */
		C766C9AD2B8849D70075D0B5 /* Project object */ = {
			isa = PBXProject;
			attributes = {
				BuildIndependentTargetsInParallel = 1;
				LastSwiftUpdateCheck = 1520;
				LastUpgradeCheck = 1520;
				TargetAttributes = {
					C766C9B42B8849D70075D0B5 = {
						CreatedOnToolsVersion = 15.2;
					};
				};
			};
			buildConfigurationList = C766C9B02B8849D70075D0B5 /* Build configuration list for PBXProject "DevRecipe" */;
			compatibilityVersion = "Xcode 14.0";
			developmentRegion = en;
			hasScannedForEncodings = 0;
			knownRegions = (
				en,
				Base,
			);
			mainGroup = C766C9AC2B8849D70075D0B5;
			productRefGroup = C766C9B62B8849D70075D0B5 /* Products */;
			projectDirPath = "";
			projectRoot = "";
			targets = (
				C766C9B42B8849D70075D0B5 /* DevRecipe */,
			);
		};
/* End PBXProject section */

/* Begin PBXResourcesBuildPhase section */
		C766C9B32B8849D70075D0B5 /* Resources */ = {
			isa = PBXResourcesBuildPhase;
			buildActionMask = 2147483647;
			files = (
				C70760F62C22B16B006F9930 /* GeneralPurposeCollectionViewCell.xib in Resources */,
				C766C9D12B884A580075D0B5 /* NormalScrollViewController.storyboard in Resources */,
				C73998882C1B00A300589742 /* StickyHeaderCollectionViewController.storyboard in Resources */,
				C73E60452B9093AE00586FC5 /* FileManipulateViewController.storyboard in Resources */,
				C766C9C82B8849D80075D0B5 /* ViewController.storyboard in Resources */,
				C766C9C52B8849D80075D0B5 /* Assets.xcassets in Resources */,
				C73E60402B9091F500586FC5 /* NormalActivityViewController.storyboard in Resources */,
			);
			runOnlyForDeploymentPostprocessing = 0;
		};
/* End PBXResourcesBuildPhase section */

/* Begin PBXSourcesBuildPhase section */
		C766C9B12B8849D70075D0B5 /* Sources */ = {
			isa = PBXSourcesBuildPhase;
			buildActionMask = 2147483647;
			files = (
				C70760F82C22B6D1006F9930 /* UIImageView+.swift in Sources */,
				C70760F52C22B16B006F9930 /* GeneralPurposeCollectionViewCell.swift in Sources */,
				C739988F2C1FE1BE00589742 /* StickyCollectionHeaderView.swift in Sources */,
				C73E60432B90939200586FC5 /* FileManipulateViewController.swift in Sources */,
				C739988D2C1FD04600589742 /* SampleModel.swift in Sources */,
				C73E603E2B9091C000586FC5 /* NormalActivityViewController.swift in Sources */,
				C73998862C1B003900589742 /* Storyboard+.swift in Sources */,
				C766C9BD2B8849D70075D0B5 /* ViewController.swift in Sources */,
				C766C9C32B8849D70075D0B5 /* DevRecipe.xcdatamodeld in Sources */,
				C766C9B92B8849D70075D0B5 /* AppDelegate.swift in Sources */,
				C766C9BB2B8849D70075D0B5 /* SceneDelegate.swift in Sources */,
				C766C9D32B8859210075D0B5 /* NormalScrollViewController.swift in Sources */,
				C73998832C1AFADC00589742 /* StickyHeaderCollectionViewController.swift in Sources */,
			);
			runOnlyForDeploymentPostprocessing = 0;
		};
/* End PBXSourcesBuildPhase section */

/* Begin PBXVariantGroup section */
		C766C9C62B8849D80075D0B5 /* ViewController.storyboard */ = {
			isa = PBXVariantGroup;
			children = (
				C766C9C72B8849D80075D0B5 /* Base */,
			);
			name = ViewController.storyboard;
			sourceTree = "<group>";
		};
/* End PBXVariantGroup section */

/* Begin XCBuildConfiguration section */
		C766C9CA2B8849D80075D0B5 /* Debug */ = {
			isa = XCBuildConfiguration;
			buildSettings = {
				ALWAYS_SEARCH_USER_PATHS = NO;
				ASSETCATALOG_COMPILER_GENERATE_SWIFT_ASSET_SYMBOL_EXTENSIONS = YES;
				CLANG_ANALYZER_NONNULL = YES;
				CLANG_ANALYZER_NUMBER_OBJECT_CONVERSION = YES_AGGRESSIVE;
				CLANG_CXX_LANGUAGE_STANDARD = "gnu++20";
				CLANG_ENABLE_MODULES = YES;
				CLANG_ENABLE_OBJC_ARC = YES;
				CLANG_ENABLE_OBJC_WEAK = YES;
				CLANG_WARN_BLOCK_CAPTURE_AUTORELEASING = YES;
				CLANG_WARN_BOOL_CONVERSION = YES;
				CLANG_WARN_COMMA = YES;
				CLANG_WARN_CONSTANT_CONVERSION = YES;
				CLANG_WARN_DEPRECATED_OBJC_IMPLEMENTATIONS = YES;
				CLANG_WARN_DIRECT_OBJC_ISA_USAGE = YES_ERROR;
				CLANG_WARN_DOCUMENTATION_COMMENTS = YES;
				CLANG_WARN_EMPTY_BODY = YES;
				CLANG_WARN_ENUM_CONVERSION = YES;
				CLANG_WARN_INFINITE_RECURSION = YES;
				CLANG_WARN_INT_CONVERSION = YES;
				CLANG_WARN_NON_LITERAL_NULL_CONVERSION = YES;
				CLANG_WARN_OBJC_IMPLICIT_RETAIN_SELF = YES;
				CLANG_WARN_OBJC_LITERAL_CONVERSION = YES;
				CLANG_WARN_OBJC_ROOT_CLASS = YES_ERROR;
				CLANG_WARN_QUOTED_INCLUDE_IN_FRAMEWORK_HEADER = YES;
				CLANG_WARN_RANGE_LOOP_ANALYSIS = YES;
				CLANG_WARN_STRICT_PROTOTYPES = YES;
				CLANG_WARN_SUSPICIOUS_MOVE = YES;
				CLANG_WARN_UNGUARDED_AVAILABILITY = YES_AGGRESSIVE;
				CLANG_WARN_UNREACHABLE_CODE = YES;
				CLANG_WARN__DUPLICATE_METHOD_MATCH = YES;
				COPY_PHASE_STRIP = NO;
				DEBUG_INFORMATION_FORMAT = dwarf;
				ENABLE_STRICT_OBJC_MSGSEND = YES;
				ENABLE_TESTABILITY = YES;
				ENABLE_USER_SCRIPT_SANDBOXING = YES;
				GCC_C_LANGUAGE_STANDARD = gnu17;
				GCC_DYNAMIC_NO_PIC = NO;
				GCC_NO_COMMON_BLOCKS = YES;
				GCC_OPTIMIZATION_LEVEL = 0;
				GCC_PREPROCESSOR_DEFINITIONS = (
					"DEBUG=1",
					"$(inherited)",
				);
				GCC_WARN_64_TO_32_BIT_CONVERSION = YES;
				GCC_WARN_ABOUT_RETURN_TYPE = YES_ERROR;
				GCC_WARN_UNDECLARED_SELECTOR = YES;
				GCC_WARN_UNINITIALIZED_AUTOS = YES_AGGRESSIVE;
				GCC_WARN_UNUSED_FUNCTION = YES;
				GCC_WARN_UNUSED_VARIABLE = YES;
				IPHONEOS_DEPLOYMENT_TARGET = 17.2;
				LOCALIZATION_PREFERS_STRING_CATALOGS = YES;
				MTL_ENABLE_DEBUG_INFO = INCLUDE_SOURCE;
				MTL_FAST_MATH = YES;
				ONLY_ACTIVE_ARCH = YES;
				SDKROOT = iphoneos;
				SWIFT_ACTIVE_COMPILATION_CONDITIONS = "DEBUG $(inherited)";
				SWIFT_OPTIMIZATION_LEVEL = "-Onone";
			};
			name = Debug;
		};
		C766C9CB2B8849D80075D0B5 /* Release */ = {
			isa = XCBuildConfiguration;
			buildSettings = {
				ALWAYS_SEARCH_USER_PATHS = NO;
				ASSETCATALOG_COMPILER_GENERATE_SWIFT_ASSET_SYMBOL_EXTENSIONS = YES;
				CLANG_ANALYZER_NONNULL = YES;
				CLANG_ANALYZER_NUMBER_OBJECT_CONVERSION = YES_AGGRESSIVE;
				CLANG_CXX_LANGUAGE_STANDARD = "gnu++20";
				CLANG_ENABLE_MODULES = YES;
				CLANG_ENABLE_OBJC_ARC = YES;
				CLANG_ENABLE_OBJC_WEAK = YES;
				CLANG_WARN_BLOCK_CAPTURE_AUTORELEASING = YES;
				CLANG_WARN_BOOL_CONVERSION = YES;
				CLANG_WARN_COMMA = YES;
				CLANG_WARN_CONSTANT_CONVERSION = YES;
				CLANG_WARN_DEPRECATED_OBJC_IMPLEMENTATIONS = YES;
				CLANG_WARN_DIRECT_OBJC_ISA_USAGE = YES_ERROR;
				CLANG_WARN_DOCUMENTATION_COMMENTS = YES;
				CLANG_WARN_EMPTY_BODY = YES;
				CLANG_WARN_ENUM_CONVERSION = YES;
				CLANG_WARN_INFINITE_RECURSION = YES;
				CLANG_WARN_INT_CONVERSION = YES;
				CLANG_WARN_NON_LITERAL_NULL_CONVERSION = YES;
				CLANG_WARN_OBJC_IMPLICIT_RETAIN_SELF = YES;
				CLANG_WARN_OBJC_LITERAL_CONVERSION = YES;
				CLANG_WARN_OBJC_ROOT_CLASS = YES_ERROR;
				CLANG_WARN_QUOTED_INCLUDE_IN_FRAMEWORK_HEADER = YES;
				CLANG_WARN_RANGE_LOOP_ANALYSIS = YES;
				CLANG_WARN_STRICT_PROTOTYPES = YES;
				CLANG_WARN_SUSPICIOUS_MOVE = YES;
				CLANG_WARN_UNGUARDED_AVAILABILITY = YES_AGGRESSIVE;
				CLANG_WARN_UNREACHABLE_CODE = YES;
				CLANG_WARN__DUPLICATE_METHOD_MATCH = YES;
				COPY_PHASE_STRIP = NO;
				DEBUG_INFORMATION_FORMAT = "dwarf-with-dsym";
				ENABLE_NS_ASSERTIONS = NO;
				ENABLE_STRICT_OBJC_MSGSEND = YES;
				ENABLE_USER_SCRIPT_SANDBOXING = YES;
				GCC_C_LANGUAGE_STANDARD = gnu17;
				GCC_NO_COMMON_BLOCKS = YES;
				GCC_WARN_64_TO_32_BIT_CONVERSION = YES;
				GCC_WARN_ABOUT_RETURN_TYPE = YES_ERROR;
				GCC_WARN_UNDECLARED_SELECTOR = YES;
				GCC_WARN_UNINITIALIZED_AUTOS = YES_AGGRESSIVE;
				GCC_WARN_UNUSED_FUNCTION = YES;
				GCC_WARN_UNUSED_VARIABLE = YES;
				IPHONEOS_DEPLOYMENT_TARGET = 17.2;
				LOCALIZATION_PREFERS_STRING_CATALOGS = YES;
				MTL_ENABLE_DEBUG_INFO = NO;
				MTL_FAST_MATH = YES;
				SDKROOT = iphoneos;
				SWIFT_COMPILATION_MODE = wholemodule;
				VALIDATE_PRODUCT = YES;
			};
			name = Release;
		};
		C766C9CD2B8849D80075D0B5 /* Debug */ = {
			isa = XCBuildConfiguration;
			buildSettings = {
				ASSETCATALOG_COMPILER_APPICON_NAME = AppIcon;
				ASSETCATALOG_COMPILER_GLOBAL_ACCENT_COLOR_NAME = AccentColor;
				CODE_SIGN_STYLE = Automatic;
				CURRENT_PROJECT_VERSION = 1;
				DEVELOPMENT_TEAM = 8BG588F6G9;
				GENERATE_INFOPLIST_FILE = YES;
				INFOPLIST_FILE = DevRecipe/Info.plist;
				INFOPLIST_KEY_UIApplicationSupportsIndirectInputEvents = YES;
				INFOPLIST_KEY_UILaunchStoryboardName = LaunchScreen;
				INFOPLIST_KEY_UIMainStoryboardFile = ViewController;
				INFOPLIST_KEY_UISupportedInterfaceOrientations_iPad = "UIInterfaceOrientationPortrait UIInterfaceOrientationPortraitUpsideDown UIInterfaceOrientationLandscapeLeft UIInterfaceOrientationLandscapeRight";
				INFOPLIST_KEY_UISupportedInterfaceOrientations_iPhone = "UIInterfaceOrientationPortrait UIInterfaceOrientationLandscapeLeft UIInterfaceOrientationLandscapeRight";
				LD_RUNPATH_SEARCH_PATHS = (
					"$(inherited)",
					"@executable_path/Frameworks",
				);
				MARKETING_VERSION = 1.0;
				PRODUCT_BUNDLE_IDENTIFIER = com.igarashi.DevRecipe;
				PRODUCT_NAME = "$(TARGET_NAME)";
				SUPPORTED_PLATFORMS = "iphoneos iphonesimulator";
				SUPPORTS_MACCATALYST = NO;
				SUPPORTS_XR_DESIGNED_FOR_IPHONE_IPAD = NO;
				SWIFT_EMIT_LOC_STRINGS = YES;
				SWIFT_VERSION = 5.0;
				TARGETED_DEVICE_FAMILY = "1,2";
			};
			name = Debug;
		};
		C766C9CE2B8849D80075D0B5 /* Release */ = {
			isa = XCBuildConfiguration;
			buildSettings = {
				ASSETCATALOG_COMPILER_APPICON_NAME = AppIcon;
				ASSETCATALOG_COMPILER_GLOBAL_ACCENT_COLOR_NAME = AccentColor;
				CODE_SIGN_STYLE = Automatic;
				CURRENT_PROJECT_VERSION = 1;
				DEVELOPMENT_TEAM = 8BG588F6G9;
				GENERATE_INFOPLIST_FILE = YES;
				INFOPLIST_FILE = DevRecipe/Info.plist;
				INFOPLIST_KEY_UIApplicationSupportsIndirectInputEvents = YES;
				INFOPLIST_KEY_UILaunchStoryboardName = LaunchScreen;
				INFOPLIST_KEY_UIMainStoryboardFile = ViewController;
				INFOPLIST_KEY_UISupportedInterfaceOrientations_iPad = "UIInterfaceOrientationPortrait UIInterfaceOrientationPortraitUpsideDown UIInterfaceOrientationLandscapeLeft UIInterfaceOrientationLandscapeRight";
				INFOPLIST_KEY_UISupportedInterfaceOrientations_iPhone = "UIInterfaceOrientationPortrait UIInterfaceOrientationLandscapeLeft UIInterfaceOrientationLandscapeRight";
				LD_RUNPATH_SEARCH_PATHS = (
					"$(inherited)",
					"@executable_path/Frameworks",
				);
				MARKETING_VERSION = 1.0;
				PRODUCT_BUNDLE_IDENTIFIER = com.igarashi.DevRecipe;
				PRODUCT_NAME = "$(TARGET_NAME)";
				SUPPORTED_PLATFORMS = "iphoneos iphonesimulator";
				SUPPORTS_MACCATALYST = NO;
				SUPPORTS_XR_DESIGNED_FOR_IPHONE_IPAD = NO;
				SWIFT_EMIT_LOC_STRINGS = YES;
				SWIFT_VERSION = 5.0;
				TARGETED_DEVICE_FAMILY = "1,2";
			};
			name = Release;
		};
/* End XCBuildConfiguration section */

/* Begin XCConfigurationList section */
		C766C9B02B8849D70075D0B5 /* Build configuration list for PBXProject "DevRecipe" */ = {
			isa = XCConfigurationList;
			buildConfigurations = (
				C766C9CA2B8849D80075D0B5 /* Debug */,
				C766C9CB2B8849D80075D0B5 /* Release */,
			);
			defaultConfigurationIsVisible = 0;
			defaultConfigurationName = Release;
		};
		C766C9CC2B8849D80075D0B5 /* Build configuration list for PBXNativeTarget "DevRecipe" */ = {
			isa = XCConfigurationList;
			buildConfigurations = (
				C766C9CD2B8849D80075D0B5 /* Debug */,
				C766C9CE2B8849D80075D0B5 /* Release */,
			);
			defaultConfigurationIsVisible = 0;
			defaultConfigurationName = Release;
		};
/* End XCConfigurationList section */

/* Begin XCVersionGroup section */
		C766C9C12B8849D70075D0B5 /* DevRecipe.xcdatamodeld */ = {
			isa = XCVersionGroup;
			children = (
				C766C9C22B8849D70075D0B5 /* DevRecipe.xcdatamodel */,
			);
			currentVersion = C766C9C22B8849D70075D0B5 /* DevRecipe.xcdatamodel */;
			path = DevRecipe.xcdatamodeld;
			sourceTree = "<group>";
			versionGroupType = wrapper.xcdatamodel;
		};
/* End XCVersionGroup section */
	};
	rootObject = C766C9AD2B8849D70075D0B5 /* Project object */;
}
